load_raw_data:
  cmd: python src/load_raw_data.py
  deps:
  - path: src/load_raw_data.py
    md5: d216e7844962d4faf5272f2396208b57
  outs:
  - path: assets/raw_data
    md5: 7cfca3a5bd04b188b946d7714ccdb497.dir
prepare_data:
  cmd: python src/prepare_data.py
  deps:
  - path: assets/raw_data
    md5: 7cfca3a5bd04b188b946d7714ccdb497.dir
  - path: src/prepare_data.py
    md5: f8ab299ba75371fe32d83468739d7d47
  outs:
  - path: assets/prepared_data
    md5: f944f323ac66969aa65a90d074d099f8.dir
enrich_data:
  cmd: python src/enrich_data.py
  deps:
  - path: assets/prepared_data
    md5: f944f323ac66969aa65a90d074d099f8.dir
  - path: src/enrich_data.py
    md5: f315fd5ff841c0bc5c6d98f6eb4cda59
  outs:
  - path: assets/enriched_data
    md5: cd47c72b46cc68a7a7268a0afda4c24a.dir
train_model:
  cmd: python src/train_model.py
  deps:
  - path: assets/enriched_data
    md5: cd47c72b46cc68a7a7268a0afda4c24a.dir
  - path: src/train_model.py
    md5: 94dc3e7b97916a7edd144851a5dc45b1
  outs:
  - path: assets/models
    md5: aa88131a2246cdc21da55f516dae6c25.dir
evaluate_model:
  cmd: python src/evaluate_model.py
  deps:
  - path: assets/enriched_data
    md5: cd47c72b46cc68a7a7268a0afda4c24a.dir
  - path: assets/models
    md5: aa88131a2246cdc21da55f516dae6c25.dir
  - path: src/evaluate_model.py
    md5: d0147ce74c07b5415f6363236ef415cc
  outs:
  - path: assets/metrics.json
    md5: 1584edd6056ab90f18aeb2dbbdc32fcf
